// !$*UTF8*$!
{
	archiveVersion = 1;
	classes = {
	};
	objectVersion = 55;
	objects = {

/* Begin PBXBuildFile section */
		E5C0DCF528941388008CAAD4 /* BlankView.swift in Sources */ = {isa = PBXBuildFile; fileRef = E5C0DCF428941388008CAAD4 /* BlankView.swift */; };
		E5CF2B9D28941B9700DCA170 /* ListRowItemView.swift in Sources */ = {isa = PBXBuildFile; fileRef = E5CF2B9C28941B9700DCA170 /* ListRowItemView.swift */; };
		E5CF2B9F28941FB400DCA170 /* CheckBoxStyle.swift in Sources */ = {isa = PBXBuildFile; fileRef = E5CF2B9E28941FB400DCA170 /* CheckBoxStyle.swift */; };
		E5CF2BA12894250A00DCA170 /* SoundPlayer.swift in Sources */ = {isa = PBXBuildFile; fileRef = E5CF2BA02894250A00DCA170 /* SoundPlayer.swift */; };
		E5D4ED522892C4F600BBC7E4 /* CountDownApp.swift in Sources */ = {isa = PBXBuildFile; fileRef = E5D4ED512892C4F600BBC7E4 /* CountDownApp.swift */; };
		E5D4ED542892C4F600BBC7E4 /* ContentView.swift in Sources */ = {isa = PBXBuildFile; fileRef = E5D4ED532892C4F600BBC7E4 /* ContentView.swift */; };
		E5D4ED562892C4F900BBC7E4 /* Assets.xcassets in Resources */ = {isa = PBXBuildFile; fileRef = E5D4ED552892C4F900BBC7E4 /* Assets.xcassets */; };
		E5D4ED592892C4F900BBC7E4 /* Preview Assets.xcassets in Resources */ = {isa = PBXBuildFile; fileRef = E5D4ED582892C4F900BBC7E4 /* Preview Assets.xcassets */; };
		E5D4ED5B2892C4F900BBC7E4 /* Persistence.swift in Sources */ = {isa = PBXBuildFile; fileRef = E5D4ED5A2892C4F900BBC7E4 /* Persistence.swift */; };
		E5D4ED5E2892C4F900BBC7E4 /* CountDown.xcdatamodeld in Sources */ = {isa = PBXBuildFile; fileRef = E5D4ED5C2892C4F900BBC7E4 /* CountDown.xcdatamodeld */; };
		E5D4ED672892CE6000BBC7E4 /* sound-rise.mp3 in Resources */ = {isa = PBXBuildFile; fileRef = E5D4ED642892CE5F00BBC7E4 /* sound-rise.mp3 */; };
		E5D4ED682892CE6000BBC7E4 /* sound-ding.mp3 in Resources */ = {isa = PBXBuildFile; fileRef = E5D4ED652892CE6000BBC7E4 /* sound-ding.mp3 */; };
		E5D4ED692892CE6000BBC7E4 /* sound-tap.mp3 in Resources */ = {isa = PBXBuildFile; fileRef = E5D4ED662892CE6000BBC7E4 /* sound-tap.mp3 */; };
		E5D4ED782892D4CE00BBC7E4 /* constant.swift in Sources */ = {isa = PBXBuildFile; fileRef = E5D4ED772892D4CE00BBC7E4 /* constant.swift */; };
		E5D4ED7A2892DA8700BBC7E4 /* HideKeyboardExtension.swift in Sources */ = {isa = PBXBuildFile; fileRef = E5D4ED792892DA8700BBC7E4 /* HideKeyboardExtension.swift */; };
		E5D4ED7C2892E2DD00BBC7E4 /* BackgroundImageView.swift in Sources */ = {isa = PBXBuildFile; fileRef = E5D4ED7B2892E2DD00BBC7E4 /* BackgroundImageView.swift */; };
		E5D4ED7E2892E39D00BBC7E4 /* NewTaskItemView.swift in Sources */ = {isa = PBXBuildFile; fileRef = E5D4ED7D2892E39D00BBC7E4 /* NewTaskItemView.swift */; };
/* End PBXBuildFile section */

/* Begin PBXFileReference section */
		E5C0DCF428941388008CAAD4 /* BlankView.swift */ = {isa = PBXFileReference; lastKnownFileType = sourcecode.swift; path = BlankView.swift; sourceTree = "<group>"; };
		E5CF2B9C28941B9700DCA170 /* ListRowItemView.swift */ = {isa = PBXFileReference; lastKnownFileType = sourcecode.swift; path = ListRowItemView.swift; sourceTree = "<group>"; };
		E5CF2B9E28941FB400DCA170 /* CheckBoxStyle.swift */ = {isa = PBXFileReference; lastKnownFileType = sourcecode.swift; path = CheckBoxStyle.swift; sourceTree = "<group>"; };
		E5CF2BA02894250A00DCA170 /* SoundPlayer.swift */ = {isa = PBXFileReference; lastKnownFileType = sourcecode.swift; path = SoundPlayer.swift; sourceTree = "<group>"; };
		E5D4ED4E2892C4F600BBC7E4 /* CountDown.app */ = {isa = PBXFileReference; explicitFileType = wrapper.application; includeInIndex = 0; path = CountDown.app; sourceTree = BUILT_PRODUCTS_DIR; };
		E5D4ED512892C4F600BBC7E4 /* CountDownApp.swift */ = {isa = PBXFileReference; lastKnownFileType = sourcecode.swift; path = CountDownApp.swift; sourceTree = "<group>"; };
		E5D4ED532892C4F600BBC7E4 /* ContentView.swift */ = {isa = PBXFileReference; lastKnownFileType = sourcecode.swift; path = ContentView.swift; sourceTree = "<group>"; };
		E5D4ED552892C4F900BBC7E4 /* Assets.xcassets */ = {isa = PBXFileReference; lastKnownFileType = folder.assetcatalog; path = Assets.xcassets; sourceTree = "<group>"; };
		E5D4ED582892C4F900BBC7E4 /* Preview Assets.xcassets */ = {isa = PBXFileReference; lastKnownFileType = folder.assetcatalog; path = "Preview Assets.xcassets"; sourceTree = "<group>"; };
		E5D4ED5A2892C4F900BBC7E4 /* Persistence.swift */ = {isa = PBXFileReference; lastKnownFileType = sourcecode.swift; path = Persistence.swift; sourceTree = "<group>"; };
		E5D4ED5D2892C4F900BBC7E4 /* CountDown.xcdatamodel */ = {isa = PBXFileReference; lastKnownFileType = wrapper.xcdatamodel; path = CountDown.xcdatamodel; sourceTree = "<group>"; };
		E5D4ED642892CE5F00BBC7E4 /* sound-rise.mp3 */ = {isa = PBXFileReference; lastKnownFileType = audio.mp3; path = "sound-rise.mp3"; sourceTree = "<group>"; };
		E5D4ED652892CE6000BBC7E4 /* sound-ding.mp3 */ = {isa = PBXFileReference; lastKnownFileType = audio.mp3; path = "sound-ding.mp3"; sourceTree = "<group>"; };
		E5D4ED662892CE6000BBC7E4 /* sound-tap.mp3 */ = {isa = PBXFileReference; lastKnownFileType = audio.mp3; path = "sound-tap.mp3"; sourceTree = "<group>"; };
		E5D4ED722892CF3D00BBC7E4 /* Info.plist */ = {isa = PBXFileReference; lastKnownFileType = text.plist; path = Info.plist; sourceTree = "<group>"; };
		E5D4ED772892D4CE00BBC7E4 /* constant.swift */ = {isa = PBXFileReference; lastKnownFileType = sourcecode.swift; path = constant.swift; sourceTree = "<group>"; };
		E5D4ED792892DA8700BBC7E4 /* HideKeyboardExtension.swift */ = {isa = PBXFileReference; lastKnownFileType = sourcecode.swift; path = HideKeyboardExtension.swift; sourceTree = "<group>"; };
		E5D4ED7B2892E2DD00BBC7E4 /* BackgroundImageView.swift */ = {isa = PBXFileReference; lastKnownFileType = sourcecode.swift; path = BackgroundImageView.swift; sourceTree = "<group>"; };
		E5D4ED7D2892E39D00BBC7E4 /* NewTaskItemView.swift */ = {isa = PBXFileReference; lastKnownFileType = sourcecode.swift; path = NewTaskItemView.swift; sourceTree = "<group>"; };
/* End PBXFileReference section */

/* Begin PBXFrameworksBuildPhase section */
		E5D4ED4B2892C4F600BBC7E4 /* Frameworks */ = {
			isa = PBXFrameworksBuildPhase;
			buildActionMask = 2147483647;
			files = (
			);
			runOnlyForDeploymentPostprocessing = 0;
		};
/* End PBXFrameworksBuildPhase section */

/* Begin PBXGroup section */
		E5D4ED452892C4F600BBC7E4 = {
			isa = PBXGroup;
			children = (
				E5D4ED502892C4F600BBC7E4 /* CountDown */,
				E5D4ED4F2892C4F600BBC7E4 /* Products */,
			);
			sourceTree = "<group>";
		};
		E5D4ED4F2892C4F600BBC7E4 /* Products */ = {
			isa = PBXGroup;
			children = (
				E5D4ED4E2892C4F600BBC7E4 /* CountDown.app */,
			);
			name = Products;
			sourceTree = "<group>";
		};
		E5D4ED502892C4F600BBC7E4 /* CountDown */ = {
			isa = PBXGroup;
			children = (
				E5D4ED722892CF3D00BBC7E4 /* Info.plist */,
				E5D4ED702892CED200BBC7E4 /* Style */,
				E5D4ED6D2892CEAD00BBC7E4 /* Extension */,
				E5D4ED6C2892CE9700BBC7E4 /* Sound */,
				E5D4ED512892C4F600BBC7E4 /* CountDownApp.swift */,
				E5D4ED6E2892CEB800BBC7E4 /* View */,
				E5D4ED552892C4F900BBC7E4 /* Assets.xcassets */,
				E5D4ED6F2892CECB00BBC7E4 /* Utility */,
				E5D4ED712892CEEA00BBC7E4 /* Model */,
				E5D4ED572892C4F900BBC7E4 /* Preview Content */,
			);
			path = CountDown;
			sourceTree = "<group>";
		};
		E5D4ED572892C4F900BBC7E4 /* Preview Content */ = {
			isa = PBXGroup;
			children = (
				E5D4ED582892C4F900BBC7E4 /* Preview Assets.xcassets */,
			);
			path = "Preview Content";
			sourceTree = "<group>";
		};
		E5D4ED6C2892CE9700BBC7E4 /* Sound */ = {
			isa = PBXGroup;
			children = (
				E5D4ED652892CE6000BBC7E4 /* sound-ding.mp3 */,
				E5D4ED642892CE5F00BBC7E4 /* sound-rise.mp3 */,
				E5D4ED662892CE6000BBC7E4 /* sound-tap.mp3 */,
			);
			path = Sound;
			sourceTree = "<group>";
		};
		E5D4ED6D2892CEAD00BBC7E4 /* Extension */ = {
			isa = PBXGroup;
			children = (
				E5D4ED792892DA8700BBC7E4 /* HideKeyboardExtension.swift */,
			);
			path = Extension;
			sourceTree = "<group>";
		};
		E5D4ED6E2892CEB800BBC7E4 /* View */ = {
			isa = PBXGroup;
			children = (
				E5D4ED532892C4F600BBC7E4 /* ContentView.swift */,
				E5D4ED7B2892E2DD00BBC7E4 /* BackgroundImageView.swift */,
				E5D4ED7D2892E39D00BBC7E4 /* NewTaskItemView.swift */,
				E5C0DCF428941388008CAAD4 /* BlankView.swift */,
				E5CF2B9C28941B9700DCA170 /* ListRowItemView.swift */,
			);
			path = View;
			sourceTree = "<group>";
		};
		E5D4ED6F2892CECB00BBC7E4 /* Utility */ = {
			isa = PBXGroup;
			children = (
				E5D4ED772892D4CE00BBC7E4 /* constant.swift */,
				E5CF2BA02894250A00DCA170 /* SoundPlayer.swift */,
			);
			path = Utility;
			sourceTree = "<group>";
		};
		E5D4ED702892CED200BBC7E4 /* Style */ = {
			isa = PBXGroup;
			children = (
				E5CF2B9E28941FB400DCA170 /* CheckBoxStyle.swift */,
			);
			path = Style;
			sourceTree = "<group>";
		};
		E5D4ED712892CEEA00BBC7E4 /* Model */ = {
			isa = PBXGroup;
			children = (
				E5D4ED5A2892C4F900BBC7E4 /* Persistence.swift */,
				E5D4ED5C2892C4F900BBC7E4 /* CountDown.xcdatamodeld */,
			);
			path = Model;
			sourceTree = "<group>";
		};
/* End PBXGroup section */

/* Begin PBXNativeTarget section */
		E5D4ED4D2892C4F600BBC7E4 /* CountDown */ = {
			isa = PBXNativeTarget;
			buildConfigurationList = E5D4ED612892C4F900BBC7E4 /* Build configuration list for PBXNativeTarget "CountDown" */;
			buildPhases = (
				E5D4ED4A2892C4F600BBC7E4 /* Sources */,
				E5D4ED4B2892C4F600BBC7E4 /* Frameworks */,
				E5D4ED4C2892C4F600BBC7E4 /* Resources */,
			);
			buildRules = (
			);
			dependencies = (
			);
			name = CountDown;
			productName = CountDown;
			productReference = E5D4ED4E2892C4F600BBC7E4 /* CountDown.app */;
			productType = "com.apple.product-type.application";
		};
/* End PBXNativeTarget section */

/* Begin PBXProject section */
		E5D4ED462892C4F600BBC7E4 /* Project object */ = {
			isa = PBXProject;
			attributes = {
				BuildIndependentTargetsInParallel = 1;
				LastSwiftUpdateCheck = 1340;
				LastUpgradeCheck = 1340;
				TargetAttributes = {
					E5D4ED4D2892C4F600BBC7E4 = {
						CreatedOnToolsVersion = 13.4.1;
					};
				};
			};
			buildConfigurationList = E5D4ED492892C4F600BBC7E4 /* Build configuration list for PBXProject "CountDown" */;
			compatibilityVersion = "Xcode 13.0";
			developmentRegion = en;
			hasScannedForEncodings = 0;
			knownRegions = (
				en,
				Base,
			);
			mainGroup = E5D4ED452892C4F600BBC7E4;
			productRefGroup = E5D4ED4F2892C4F600BBC7E4 /* Products */;
			projectDirPath = "";
			projectRoot = "";
			targets = (
				E5D4ED4D2892C4F600BBC7E4 /* CountDown */,
			);
		};
/* End PBXProject section */

/* Begin PBXResourcesBuildPhase section */
		E5D4ED4C2892C4F600BBC7E4 /* Resources */ = {
			isa = PBXResourcesBuildPhase;
			buildActionMask = 2147483647;
			files = (
				E5D4ED682892CE6000BBC7E4 /* sound-ding.mp3 in Resources */,
				E5D4ED672892CE6000BBC7E4 /* sound-rise.mp3 in Resources */,
				E5D4ED592892C4F900BBC7E4 /* Preview Assets.xcassets in Resources */,
				E5D4ED692892CE6000BBC7E4 /* sound-tap.mp3 in Resources */,
				E5D4ED562892C4F900BBC7E4 /* Assets.xcassets in Resources */,
			);
			runOnlyForDeploymentPostprocessing = 0;
		};
/* End PBXResourcesBuildPhase section */

/* Begin PBXSourcesBuildPhase section */
		E5D4ED4A2892C4F600BBC7E4 /* Sources */ = {
			isa = PBXSourcesBuildPhase;
			buildActionMask = 2147483647;
			files = (
				E5D4ED5B2892C4F900BBC7E4 /* Persistence.swift in Sources */,
				E5D4ED7C2892E2DD00BBC7E4 /* BackgroundImageView.swift in Sources */,
				E5D4ED542892C4F600BBC7E4 /* ContentView.swift in Sources */,
				E5D4ED7A2892DA8700BBC7E4 /* HideKeyboardExtension.swift in Sources */,
				E5C0DCF528941388008CAAD4 /* BlankView.swift in Sources */,
				E5D4ED782892D4CE00BBC7E4 /* constant.swift in Sources */,
				E5CF2B9D28941B9700DCA170 /* ListRowItemView.swift in Sources */,
				E5D4ED522892C4F600BBC7E4 /* CountDownApp.swift in Sources */,
				E5CF2B9F28941FB400DCA170 /* CheckBoxStyle.swift in Sources */,
				E5D4ED5E2892C4F900BBC7E4 /* CountDown.xcdatamodeld in Sources */,
				E5CF2BA12894250A00DCA170 /* SoundPlayer.swift in Sources */,
				E5D4ED7E2892E39D00BBC7E4 /* NewTaskItemView.swift in Sources */,
			);
			runOnlyForDeploymentPostprocessing = 0;
		};
/* End PBXSourcesBuildPhase section */

/* Begin XCBuildConfiguration section */
		E5D4ED5F2892C4F900BBC7E4 /* Debug */ = {
			isa = XCBuildConfiguration;
			buildSettings = {
				ALWAYS_SEARCH_USER_PATHS = NO;
				CLANG_ANALYZER_NONNULL = YES;
				CLANG_ANALYZER_NUMBER_OBJECT_CONVERSION = YES_AGGRESSIVE;
				CLANG_CXX_LANGUAGE_STANDARD = "gnu++17";
				CLANG_ENABLE_MODULES = YES;
				CLANG_ENABLE_OBJC_ARC = YES;
				CLANG_ENABLE_OBJC_WEAK = YES;
				CLANG_WARN_BLOCK_CAPTURE_AUTORELEASING = YES;
				CLANG_WARN_BOOL_CONVERSION = YES;
				CLANG_WARN_COMMA = YES;
				CLANG_WARN_CONSTANT_CONVERSION = YES;
				CLANG_WARN_DEPRECATED_OBJC_IMPLEMENTATIONS = YES;
				CLANG_WARN_DIRECT_OBJC_ISA_USAGE = YES_ERROR;
				CLANG_WARN_DOCUMENTATION_COMMENTS = YES;
				CLANG_WARN_EMPTY_BODY = YES;
				CLANG_WARN_ENUM_CONVERSION = YES;
				CLANG_WARN_INFINITE_RECURSION = YES;
				CLANG_WARN_INT_CONVERSION = YES;
				CLANG_WARN_NON_LITERAL_NULL_CONVERSION = YES;
				CLANG_WARN_OBJC_IMPLICIT_RETAIN_SELF = YES;
				CLANG_WARN_OBJC_LITERAL_CONVERSION = YES;
				CLANG_WARN_OBJC_ROOT_CLASS = YES_ERROR;
				CLANG_WARN_QUOTED_INCLUDE_IN_FRAMEWORK_HEADER = YES;
				CLANG_WARN_RANGE_LOOP_ANALYSIS = YES;
				CLANG_WARN_STRICT_PROTOTYPES = YES;
				CLANG_WARN_SUSPICIOUS_MOVE = YES;
				CLANG_WARN_UNGUARDED_AVAILABILITY = YES_AGGRESSIVE;
				CLANG_WARN_UNREACHABLE_CODE = YES;
				CLANG_WARN__DUPLICATE_METHOD_MATCH = YES;
				COPY_PHASE_STRIP = NO;
				DEBUG_INFORMATION_FORMAT = dwarf;
				ENABLE_STRICT_OBJC_MSGSEND = YES;
				ENABLE_TESTABILITY = YES;
				GCC_C_LANGUAGE_STANDARD = gnu11;
				GCC_DYNAMIC_NO_PIC = NO;
				GCC_NO_COMMON_BLOCKS = YES;
				GCC_OPTIMIZATION_LEVEL = 0;
				GCC_PREPROCESSOR_DEFINITIONS = (
					"DEBUG=1",
					"$(inherited)",
				);
				GCC_WARN_64_TO_32_BIT_CONVERSION = YES;
				GCC_WARN_ABOUT_RETURN_TYPE = YES_ERROR;
				GCC_WARN_UNDECLARED_SELECTOR = YES;
				GCC_WARN_UNINITIALIZED_AUTOS = YES_AGGRESSIVE;
				GCC_WARN_UNUSED_FUNCTION = YES;
				GCC_WARN_UNUSED_VARIABLE = YES;
				IPHONEOS_DEPLOYMENT_TARGET = 15.5;
				MTL_ENABLE_DEBUG_INFO = INCLUDE_SOURCE;
				MTL_FAST_MATH = YES;
				ONLY_ACTIVE_ARCH = YES;
				SDKROOT = iphoneos;
				SWIFT_ACTIVE_COMPILATION_CONDITIONS = DEBUG;
				SWIFT_OPTIMIZATION_LEVEL = "-Onone";
			};
			name = Debug;
		};
		E5D4ED602892C4F900BBC7E4 /* Release */ = {
			isa = XCBuildConfiguration;
			buildSettings = {
				ALWAYS_SEARCH_USER_PATHS = NO;
				CLANG_ANALYZER_NONNULL = YES;
				CLANG_ANALYZER_NUMBER_OBJECT_CONVERSION = YES_AGGRESSIVE;
				CLANG_CXX_LANGUAGE_STANDARD = "gnu++17";
				CLANG_ENABLE_MODULES = YES;
				CLANG_ENABLE_OBJC_ARC = YES;
				CLANG_ENABLE_OBJC_WEAK = YES;
				CLANG_WARN_BLOCK_CAPTURE_AUTORELEASING = YES;
				CLANG_WARN_BOOL_CONVERSION = YES;
				CLANG_WARN_COMMA = YES;
				CLANG_WARN_CONSTANT_CONVERSION = YES;
				CLANG_WARN_DEPRECATED_OBJC_IMPLEMENTATIONS = YES;
				CLANG_WARN_DIRECT_OBJC_ISA_USAGE = YES_ERROR;
				CLANG_WARN_DOCUMENTATION_COMMENTS = YES;
				CLANG_WARN_EMPTY_BODY = YES;
				CLANG_WARN_ENUM_CONVERSION = YES;
				CLANG_WARN_INFINITE_RECURSION = YES;
				CLANG_WARN_INT_CONVERSION = YES;
				CLANG_WARN_NON_LITERAL_NULL_CONVERSION = YES;
				CLANG_WARN_OBJC_IMPLICIT_RETAIN_SELF = YES;
				CLANG_WARN_OBJC_LITERAL_CONVERSION = YES;
				CLANG_WARN_OBJC_ROOT_CLASS = YES_ERROR;
				CLANG_WARN_QUOTED_INCLUDE_IN_FRAMEWORK_HEADER = YES;
				CLANG_WARN_RANGE_LOOP_ANALYSIS = YES;
				CLANG_WARN_STRICT_PROTOTYPES = YES;
				CLANG_WARN_SUSPICIOUS_MOVE = YES;
				CLANG_WARN_UNGUARDED_AVAILABILITY = YES_AGGRESSIVE;
				CLANG_WARN_UNREACHABLE_CODE = YES;
				CLANG_WARN__DUPLICATE_METHOD_MATCH = YES;
				COPY_PHASE_STRIP = NO;
				DEBUG_INFORMATION_FORMAT = "dwarf-with-dsym";
				ENABLE_NS_ASSERTIONS = NO;
				ENABLE_STRICT_OBJC_MSGSEND = YES;
				GCC_C_LANGUAGE_STANDARD = gnu11;
				GCC_NO_COMMON_BLOCKS = YES;
				GCC_WARN_64_TO_32_BIT_CONVERSION = YES;
				GCC_WARN_ABOUT_RETURN_TYPE = YES_ERROR;
				GCC_WARN_UNDECLARED_SELECTOR = YES;
				GCC_WARN_UNINITIALIZED_AUTOS = YES_AGGRESSIVE;
				GCC_WARN_UNUSED_FUNCTION = YES;
				GCC_WARN_UNUSED_VARIABLE = YES;
				IPHONEOS_DEPLOYMENT_TARGET = 15.5;
				MTL_ENABLE_DEBUG_INFO = NO;
				MTL_FAST_MATH = YES;
				SDKROOT = iphoneos;
				SWIFT_COMPILATION_MODE = wholemodule;
				SWIFT_OPTIMIZATION_LEVEL = "-O";
				VALIDATE_PRODUCT = YES;
			};
			name = Release;
		};
		E5D4ED622892C4F900BBC7E4 /* Debug */ = {
			isa = XCBuildConfiguration;
			buildSettings = {
				ASSETCATALOG_COMPILER_APPICON_NAME = AppIcon;
				ASSETCATALOG_COMPILER_GLOBAL_ACCENT_COLOR_NAME = AccentColor;
				CODE_SIGN_STYLE = Automatic;
				CURRENT_PROJECT_VERSION = 1;
				DEVELOPMENT_ASSET_PATHS = "\"CountDown/Preview Content\"";
				DEVELOPMENT_TEAM = BTXFS2AQ3W;
				ENABLE_PREVIEWS = YES;
				GENERATE_INFOPLIST_FILE = YES;
				INFOPLIST_FILE = CountDown/Info.plist;
				INFOPLIST_KEY_UIApplicationSceneManifest_Generation = YES;
				INFOPLIST_KEY_UIApplicationSupportsIndirectInputEvents = YES;
				INFOPLIST_KEY_UISupportedInterfaceOrientations = UIInterfaceOrientationPortrait;
				INFOPLIST_KEY_UISupportedInterfaceOrientations_iPad = "UIInterfaceOrientationPortrait UIInterfaceOrientationPortraitUpsideDown UIInterfaceOrientationLandscapeLeft UIInterfaceOrientationLandscapeRight";
				INFOPLIST_KEY_UISupportedInterfaceOrientations_iPhone = "UIInterfaceOrientationPortrait UIInterfaceOrientationLandscapeLeft UIInterfaceOrientationLandscapeRight";
				LD_RUNPATH_SEARCH_PATHS = (
					"$(inherited)",
					"@executable_path/Frameworks",
				);
				MARKETING_VERSION = 1.0;
				PRODUCT_BUNDLE_IDENTIFIER = pham.CountDown;
				PRODUCT_NAME = "$(TARGET_NAME)";
				SWIFT_EMIT_LOC_STRINGS = YES;
				SWIFT_VERSION = 5.0;
				TARGETED_DEVICE_FAMILY = "1,2";
			};
			name = Debug;
		};
		E5D4ED632892C4F900BBC7E4 /* Release */ = {
			isa = XCBuildConfiguration;
			buildSettings = {
				ASSETCATALOG_COMPILER_APPICON_NAME = AppIcon;
				ASSETCATALOG_COMPILER_GLOBAL_ACCENT_COLOR_NAME = AccentColor;
				CODE_SIGN_STYLE = Automatic;
				CURRENT_PROJECT_VERSION = 1;
				DEVELOPMENT_ASSET_PATHS = "\"CountDown/Preview Content\"";
				DEVELOPMENT_TEAM = BTXFS2AQ3W;
				ENABLE_PREVIEWS = YES;
				GENERATE_INFOPLIST_FILE = YES;
				INFOPLIST_FILE = CountDown/Info.plist;
				INFOPLIST_KEY_UIApplicationSceneManifest_Generation = YES;
				INFOPLIST_KEY_UIApplicationSupportsIndirectInputEvents = YES;
				INFOPLIST_KEY_UISupportedInterfaceOrientations = UIInterfaceOrientationPortrait;
				INFOPLIST_KEY_UISupportedInterfaceOrientations_iPad = "UIInterfaceOrientationPortrait UIInterfaceOrientationPortraitUpsideDown UIInterfaceOrientationLandscapeLeft UIInterfaceOrientationLandscapeRight";
				INFOPLIST_KEY_UISupportedInterfaceOrientations_iPhone = "UIInterfaceOrientationPortrait UIInterfaceOrientationLandscapeLeft UIInterfaceOrientationLandscapeRight";
				LD_RUNPATH_SEARCH_PATHS = (
					"$(inherited)",
					"@executable_path/Frameworks",
				);
				MARKETING_VERSION = 1.0;
				PRODUCT_BUNDLE_IDENTIFIER = pham.CountDown;
				PRODUCT_NAME = "$(TARGET_NAME)";
				SWIFT_EMIT_LOC_STRINGS = YES;
				SWIFT_VERSION = 5.0;
				TARGETED_DEVICE_FAMILY = "1,2";
			};
			name = Release;
		};
/* End XCBuildConfiguration section */

/* Begin XCConfigurationList section */
		E5D4ED492892C4F600BBC7E4 /* Build configuration list for PBXProject "CountDown" */ = {
			isa = XCConfigurationList;
			buildConfigurations = (
				E5D4ED5F2892C4F900BBC7E4 /* Debug */,
				E5D4ED602892C4F900BBC7E4 /* Release */,
			);
			defaultConfigurationIsVisible = 0;
			defaultConfigurationName = Release;
		};
		E5D4ED612892C4F900BBC7E4 /* Build configuration list for PBXNativeTarget "CountDown" */ = {
			isa = XCConfigurationList;
			buildConfigurations = (
				E5D4ED622892C4F900BBC7E4 /* Debug */,
				E5D4ED632892C4F900BBC7E4 /* Release */,
			);
			defaultConfigurationIsVisible = 0;
			defaultConfigurationName = Release;
		};
/* End XCConfigurationList section */

/* Begin XCVersionGroup section */
		E5D4ED5C2892C4F900BBC7E4 /* CountDown.xcdatamodeld */ = {
			isa = XCVersionGroup;
			children = (
				E5D4ED5D2892C4F900BBC7E4 /* CountDown.xcdatamodel */,
			);
			currentVersion = E5D4ED5D2892C4F900BBC7E4 /* CountDown.xcdatamodel */;
			path = CountDown.xcdatamodeld;
			sourceTree = "<group>";
			versionGroupType = wrapper.xcdatamodel;
		};
/* End XCVersionGroup section */
	};
	rootObject = E5D4ED462892C4F600BBC7E4 /* Project object */;
}
